
Microsoft Visual Studio Solution File, Format Version 12.00
# Visual Studio Version 16
VisualStudioVersion = 16.0.30114.105
MinimumVisualStudioVersion = 10.0.40219.1
Project("{FAE04EC0-301F-11D3-BF4B-00C04F79EFBC}") = "EjerciciosListas", "EjerciciosListas\EjerciciosListas.csproj", "{EAB9FFEE-D810-478E-8295-E11488C206B1}"
EndProject
Global
	GlobalSection(SolutionConfigurationPlatforms) = preSolution
		Debug|Any CPU = Debug|Any CPU
		Release|Any CPU = Release|Any CPU
	EndGlobalSection
	GlobalSection(ProjectConfigurationPlatforms) = postSolution
		{EAB9FFEE-D810-478E-8295-E11488C206B1}.Debug|Any CPU.ActiveCfg = Debug|Any CPU
		{EAB9FFEE-D810-478E-8295-E11488C206B1}.Debug|Any CPU.Build.0 = Debug|Any CPU
		{EAB9FFEE-D810-478E-8295-E11488C206B1}.Release|Any CPU.ActiveCfg = Release|Any CPU
		{EAB9FFEE-D810-478E-8295-E11488C206B1}.Release|Any CPU.Build.0 = Release|Any CPU
	EndGlobalSection
	GlobalSection(SolutionProperties) = preSolution
		HideSolutionNode = FALSE
	EndGlobalSection
	GlobalSection(ExtensibilityGlobals) = postSolution
		SolutionGuid = {CEC5518A-3FAC-4B52-B158-AD65E82C6387}
	EndGlobalSection
EndGlobal
